// !$*UTF8*$!
{
	archiveVersion = 1;
	classes = {
	};
	objectVersion = 56;
	objects = {

/* Begin PBXBuildFile section */
		8312E8582BA72F1400F740CF /* TransactionStatusViewController.swift in Sources */ = {isa = PBXBuildFile; fileRef = 8312E8572BA72F1400F740CF /* TransactionStatusViewController.swift */; };
		8312E85A2BA72F1F00F740CF /* TransactionStatusPresenter.swift in Sources */ = {isa = PBXBuildFile; fileRef = 8312E8592BA72F1F00F740CF /* TransactionStatusPresenter.swift */; };
		8312E85C2BA72F2800F740CF /* TransactionStatusModel.swift in Sources */ = {isa = PBXBuildFile; fileRef = 8312E85B2BA72F2800F740CF /* TransactionStatusModel.swift */; };
		8312E85E2BA72FC900F740CF /* TransactionStatusRouter.swift in Sources */ = {isa = PBXBuildFile; fileRef = 8312E85D2BA72FC900F740CF /* TransactionStatusRouter.swift */; };
		831AA25D2BA4674400043A62 /* PaymentMethodCell.swift in Sources */ = {isa = PBXBuildFile; fileRef = 831AA25C2BA4674400043A62 /* PaymentMethodCell.swift */; };
		831AA2602BA480CB00043A62 /* ScannerVIewController.swift in Sources */ = {isa = PBXBuildFile; fileRef = 831AA25F2BA480CB00043A62 /* ScannerVIewController.swift */; };
		831AA2622BA480E900043A62 /* ScannerPresenter.swift in Sources */ = {isa = PBXBuildFile; fileRef = 831AA2612BA480E900043A62 /* ScannerPresenter.swift */; };
		831AA2642BA4810400043A62 /* ScannerModel.swift in Sources */ = {isa = PBXBuildFile; fileRef = 831AA2632BA4810400043A62 /* ScannerModel.swift */; };
		831AA2662BA4811200043A62 /* ScannerRouter.swift in Sources */ = {isa = PBXBuildFile; fileRef = 831AA2652BA4811200043A62 /* ScannerRouter.swift */; };
		831F06402B6ACA770003D6A6 /* MainScreenViewController.swift in Sources */ = {isa = PBXBuildFile; fileRef = 831F063F2B6ACA770003D6A6 /* MainScreenViewController.swift */; };
		831F06422B6ACAB20003D6A6 /* MainScreenPresenter.swift in Sources */ = {isa = PBXBuildFile; fileRef = 831F06412B6ACAB20003D6A6 /* MainScreenPresenter.swift */; };
		831F06442B6ACABF0003D6A6 /* MainScreenModel.swift in Sources */ = {isa = PBXBuildFile; fileRef = 831F06432B6ACABF0003D6A6 /* MainScreenModel.swift */; };
		831F06462B6AECA20003D6A6 /* MainRouter.swift in Sources */ = {isa = PBXBuildFile; fileRef = 831F06452B6AECA20003D6A6 /* MainRouter.swift */; };
		831F06492B6AF89A0003D6A6 /* CollectionViewCell.swift in Sources */ = {isa = PBXBuildFile; fileRef = 831F06482B6AF89A0003D6A6 /* CollectionViewCell.swift */; };
		8325049D2B72FB1000DEEDC1 /* FoodDetailModel.swift in Sources */ = {isa = PBXBuildFile; fileRef = 8325049C2B72FB1000DEEDC1 /* FoodDetailModel.swift */; };
		832A692A2B98AD800071B6FD /* OnBoardingViewController.swift in Sources */ = {isa = PBXBuildFile; fileRef = 832A69292B98AD800071B6FD /* OnBoardingViewController.swift */; };
		832A692C2B98AE2E0071B6FD /* OnBoardingPresenter.swift in Sources */ = {isa = PBXBuildFile; fileRef = 832A692B2B98AE2E0071B6FD /* OnBoardingPresenter.swift */; };
		832A692E2B98AE5D0071B6FD /* OnBoardingModel.swift in Sources */ = {isa = PBXBuildFile; fileRef = 832A692D2B98AE5D0071B6FD /* OnBoardingModel.swift */; };
		832C86062B9E867C006F219F /* PurchaseRouter.swift in Sources */ = {isa = PBXBuildFile; fileRef = 832C86052B9E867C006F219F /* PurchaseRouter.swift */; };
		833098D72BA713B2004E1F52 /* Marks in Resources */ = {isa = PBXBuildFile; fileRef = 833098D62BA713B2004E1F52 /* Marks */; };
		8341BCA72B992DED00349090 /* StartScreenViewController.swift in Sources */ = {isa = PBXBuildFile; fileRef = 8341BCA62B992DED00349090 /* StartScreenViewController.swift */; };
		8341BCA92B992E0000349090 /* StartScreenPresenter.swift in Sources */ = {isa = PBXBuildFile; fileRef = 8341BCA82B992E0000349090 /* StartScreenPresenter.swift */; };
		8341BCAB2B992E1000349090 /* StartScreenModel.swift in Sources */ = {isa = PBXBuildFile; fileRef = 8341BCAA2B992E1000349090 /* StartScreenModel.swift */; };
		8341BCAD2B992FD800349090 /* StartScreenRouter.swift in Sources */ = {isa = PBXBuildFile; fileRef = 8341BCAC2B992FD800349090 /* StartScreenRouter.swift */; };
		8341BCAF2B99F70D00349090 /* CustomUITextField.swift in Sources */ = {isa = PBXBuildFile; fileRef = 8341BCAE2B99F70D00349090 /* CustomUITextField.swift */; };
		834F6E722B877B4400EACF43 /* TabBarController.swift in Sources */ = {isa = PBXBuildFile; fileRef = 834F6E712B877B4400EACF43 /* TabBarController.swift */; };
		834F6E742B877B5500EACF43 /* TabBarRouter.swift in Sources */ = {isa = PBXBuildFile; fileRef = 834F6E732B877B5500EACF43 /* TabBarRouter.swift */; };
		834F6E782B8786A800EACF43 /* ProfileViewController.swift in Sources */ = {isa = PBXBuildFile; fileRef = 834F6E772B8786A800EACF43 /* ProfileViewController.swift */; };
		834F6E7A2B87874F00EACF43 /* ProfilePresenter.swift in Sources */ = {isa = PBXBuildFile; fileRef = 834F6E792B87874F00EACF43 /* ProfilePresenter.swift */; };
		834F6E7C2B8787AD00EACF43 /* ProfileModel.swift in Sources */ = {isa = PBXBuildFile; fileRef = 834F6E7B2B8787AD00EACF43 /* ProfileModel.swift */; };
		834F6E7E2B8792F600EACF43 /* ProfileRouter.swift in Sources */ = {isa = PBXBuildFile; fileRef = 834F6E7D2B8792F600EACF43 /* ProfileRouter.swift */; };
		8358B0DF2B9C984E0085F1DE /* OrderTableViewCell.swift in Sources */ = {isa = PBXBuildFile; fileRef = 8358B0DE2B9C984E0085F1DE /* OrderTableViewCell.swift */; };
		836DF5062B8B7B0C0024A319 /* TableViewCell.swift in Sources */ = {isa = PBXBuildFile; fileRef = 836DF5052B8B7B0C0024A319 /* TableViewCell.swift */; };
		839C4E722B9CBFF9001FA1F0 /* OnboardingRouter.swift in Sources */ = {isa = PBXBuildFile; fileRef = 839C4E712B9CBFF8001FA1F0 /* OnboardingRouter.swift */; };
		839C4E742B9CC0AE001FA1F0 /* OnBoardingView.swift in Sources */ = {isa = PBXBuildFile; fileRef = 839C4E732B9CC0AE001FA1F0 /* OnBoardingView.swift */; };
		839ECC842B9D8B0E00FA504C /* PurchaseViewController.swift in Sources */ = {isa = PBXBuildFile; fileRef = 839ECC832B9D8B0E00FA504C /* PurchaseViewController.swift */; };
		839ECC862B9D8B1B00FA504C /* PurchasePresenter.swift in Sources */ = {isa = PBXBuildFile; fileRef = 839ECC852B9D8B1B00FA504C /* PurchasePresenter.swift */; };
		839ECC882B9D8B2A00FA504C /* PurchaseModel.swift in Sources */ = {isa = PBXBuildFile; fileRef = 839ECC872B9D8B2A00FA504C /* PurchaseModel.swift */; };
		839ECC8B2B9D8B8400FA504C /* ViewLogin.swift in Sources */ = {isa = PBXBuildFile; fileRef = 839ECC8A2B9D8B8400FA504C /* ViewLogin.swift */; };
		839ECC8D2B9D8D6D00FA504C /* viewReg.swift in Sources */ = {isa = PBXBuildFile; fileRef = 839ECC8C2B9D8D6D00FA504C /* viewReg.swift */; };
		83AB95122B9C91FF00573A3E /* OrderViewController.swift in Sources */ = {isa = PBXBuildFile; fileRef = 83AB95112B9C91FF00573A3E /* OrderViewController.swift */; };
		83AB95142B9C920D00573A3E /* OrderPresenter.swift in Sources */ = {isa = PBXBuildFile; fileRef = 83AB95132B9C920D00573A3E /* OrderPresenter.swift */; };
		83AB95162B9C921500573A3E /* OrderModel.swift in Sources */ = {isa = PBXBuildFile; fileRef = 83AB95152B9C921500573A3E /* OrderModel.swift */; };
		83AB95182B9C922100573A3E /* OrderRouter.swift in Sources */ = {isa = PBXBuildFile; fileRef = 83AB95172B9C922100573A3E /* OrderRouter.swift */; };
		83B607B62B6ED01E00BBDF35 /* FoodDetailViewController.swift in Sources */ = {isa = PBXBuildFile; fileRef = 83B607B52B6ED01E00BBDF35 /* FoodDetailViewController.swift */; };
		83C56E462B703C3600A3850C /* FoodDetailRouter.swift in Sources */ = {isa = PBXBuildFile; fileRef = 83C56E452B703C3600A3850C /* FoodDetailRouter.swift */; };
		83C56E482B703D4100A3850C /* FoodDetailPresenter.swift in Sources */ = {isa = PBXBuildFile; fileRef = 83C56E472B703D4100A3850C /* FoodDetailPresenter.swift */; };
		83D0C3FA2B6778F9005D9DC9 /* AppDelegate.swift in Sources */ = {isa = PBXBuildFile; fileRef = 83D0C3F92B6778F9005D9DC9 /* AppDelegate.swift */; };
		83D0C3FC2B6778F9005D9DC9 /* SceneDelegate.swift in Sources */ = {isa = PBXBuildFile; fileRef = 83D0C3FB2B6778F9005D9DC9 /* SceneDelegate.swift */; };
		83D0C3FE2B6778F9005D9DC9 /* SignInUpViewController.swift in Sources */ = {isa = PBXBuildFile; fileRef = 83D0C3FD2B6778F9005D9DC9 /* SignInUpViewController.swift */; };
		83D0C4032B6778FA005D9DC9 /* Assets.xcassets in Resources */ = {isa = PBXBuildFile; fileRef = 83D0C4022B6778FA005D9DC9 /* Assets.xcassets */; };
		83D0C4062B6778FA005D9DC9 /* LaunchScreen.storyboard in Resources */ = {isa = PBXBuildFile; fileRef = 83D0C4042B6778FA005D9DC9 /* LaunchScreen.storyboard */; };
		83EEA8B82B68E26100091203 /* SignInUpPresenter.swift in Sources */ = {isa = PBXBuildFile; fileRef = 83EEA8B72B68E26100091203 /* SignInUpPresenter.swift */; };
		83EEA8BA2B68E29C00091203 /* SignInUpModel.swift in Sources */ = {isa = PBXBuildFile; fileRef = 83EEA8B92B68E29C00091203 /* SignInUpModel.swift */; };
		83EEA8C82B68E2E600091203 /* ModalTransition.swift in Sources */ = {isa = PBXBuildFile; fileRef = 83EEA8BD2B68E2E600091203 /* ModalTransition.swift */; };
		83EEA8C92B68E2E600091203 /* Transition.swift in Sources */ = {isa = PBXBuildFile; fileRef = 83EEA8BE2B68E2E600091203 /* Transition.swift */; };
		83EEA8CA2B68E2E600091203 /* EmptyTransition.swift in Sources */ = {isa = PBXBuildFile; fileRef = 83EEA8BF2B68E2E600091203 /* EmptyTransition.swift */; };
		83EEA8CB2B68E2E600091203 /* PushTransition.swift in Sources */ = {isa = PBXBuildFile; fileRef = 83EEA8C02B68E2E600091203 /* PushTransition.swift */; };
		83EEA8CC2B68E2E600091203 /* PicAnimatedTransition.swift in Sources */ = {isa = PBXBuildFile; fileRef = 83EEA8C22B68E2E600091203 /* PicAnimatedTransition.swift */; };
		83EEA8CD2B68E2E600091203 /* FadeAnimatedTransitioning.swift in Sources */ = {isa = PBXBuildFile; fileRef = 83EEA8C32B68E2E600091203 /* FadeAnimatedTransitioning.swift */; };
		83EEA8CE2B68E2E600091203 /* AnimatedTransition.swift in Sources */ = {isa = PBXBuildFile; fileRef = 83EEA8C42B68E2E600091203 /* AnimatedTransition.swift */; };
		83EEA8CF2B68E2E600091203 /* NewAnimatedTransition.swift in Sources */ = {isa = PBXBuildFile; fileRef = 83EEA8C52B68E2E600091203 /* NewAnimatedTransition.swift */; };
		83EEA8D02B68E2E600091203 /* Router.swift in Sources */ = {isa = PBXBuildFile; fileRef = 83EEA8C62B68E2E600091203 /* Router.swift */; };
		83EEA8D12B68E2E600091203 /* DefaultRouter.swift in Sources */ = {isa = PBXBuildFile; fileRef = 83EEA8C72B68E2E600091203 /* DefaultRouter.swift */; };
		83EEA8D32B68E30000091203 /* LoginRouter.swift in Sources */ = {isa = PBXBuildFile; fileRef = 83EEA8D22B68E30000091203 /* LoginRouter.swift */; };
		9193F79421BCA0C9384763D6 /* Pods_RestFood.framework in Frameworks */ = {isa = PBXBuildFile; fileRef = 3410826907CAC30FC6503D89 /* Pods_RestFood.framework */; };
/* End PBXBuildFile section */

/* Begin PBXFileReference section */
		3410826907CAC30FC6503D89 /* Pods_RestFood.framework */ = {isa = PBXFileReference; explicitFileType = wrapper.framework; includeInIndex = 0; path = Pods_RestFood.framework; sourceTree = BUILT_PRODUCTS_DIR; };
		535F739F037DA879095B91F3 /* Pods-RestFood.release.xcconfig */ = {isa = PBXFileReference; includeInIndex = 1; lastKnownFileType = text.xcconfig; name = "Pods-RestFood.release.xcconfig"; path = "Target Support Files/Pods-RestFood/Pods-RestFood.release.xcconfig"; sourceTree = "<group>"; };
		8312E8572BA72F1400F740CF /* TransactionStatusViewController.swift */ = {isa = PBXFileReference; lastKnownFileType = sourcecode.swift; path = TransactionStatusViewController.swift; sourceTree = "<group>"; };
		8312E8592BA72F1F00F740CF /* TransactionStatusPresenter.swift */ = {isa = PBXFileReference; lastKnownFileType = sourcecode.swift; path = TransactionStatusPresenter.swift; sourceTree = "<group>"; };
		8312E85B2BA72F2800F740CF /* TransactionStatusModel.swift */ = {isa = PBXFileReference; lastKnownFileType = sourcecode.swift; path = TransactionStatusModel.swift; sourceTree = "<group>"; };
		8312E85D2BA72FC900F740CF /* TransactionStatusRouter.swift */ = {isa = PBXFileReference; lastKnownFileType = sourcecode.swift; path = TransactionStatusRouter.swift; sourceTree = "<group>"; };
		831AA25C2BA4674400043A62 /* PaymentMethodCell.swift */ = {isa = PBXFileReference; lastKnownFileType = sourcecode.swift; path = PaymentMethodCell.swift; sourceTree = "<group>"; };
		831AA25F2BA480CB00043A62 /* ScannerVIewController.swift */ = {isa = PBXFileReference; lastKnownFileType = sourcecode.swift; path = ScannerVIewController.swift; sourceTree = "<group>"; };
		831AA2612BA480E900043A62 /* ScannerPresenter.swift */ = {isa = PBXFileReference; lastKnownFileType = sourcecode.swift; path = ScannerPresenter.swift; sourceTree = "<group>"; };
		831AA2632BA4810400043A62 /* ScannerModel.swift */ = {isa = PBXFileReference; lastKnownFileType = sourcecode.swift; path = ScannerModel.swift; sourceTree = "<group>"; };
		831AA2652BA4811200043A62 /* ScannerRouter.swift */ = {isa = PBXFileReference; lastKnownFileType = sourcecode.swift; path = ScannerRouter.swift; sourceTree = "<group>"; };
		831F063F2B6ACA770003D6A6 /* MainScreenViewController.swift */ = {isa = PBXFileReference; lastKnownFileType = sourcecode.swift; path = MainScreenViewController.swift; sourceTree = "<group>"; };
		831F06412B6ACAB20003D6A6 /* MainScreenPresenter.swift */ = {isa = PBXFileReference; lastKnownFileType = sourcecode.swift; path = MainScreenPresenter.swift; sourceTree = "<group>"; };
		831F06432B6ACABF0003D6A6 /* MainScreenModel.swift */ = {isa = PBXFileReference; lastKnownFileType = sourcecode.swift; path = MainScreenModel.swift; sourceTree = "<group>"; };
		831F06452B6AECA20003D6A6 /* MainRouter.swift */ = {isa = PBXFileReference; lastKnownFileType = sourcecode.swift; path = MainRouter.swift; sourceTree = "<group>"; };
		831F06482B6AF89A0003D6A6 /* CollectionViewCell.swift */ = {isa = PBXFileReference; lastKnownFileType = sourcecode.swift; path = CollectionViewCell.swift; sourceTree = "<group>"; };
		8325049C2B72FB1000DEEDC1 /* FoodDetailModel.swift */ = {isa = PBXFileReference; lastKnownFileType = sourcecode.swift; path = FoodDetailModel.swift; sourceTree = "<group>"; };
		832A69292B98AD800071B6FD /* OnBoardingViewController.swift */ = {isa = PBXFileReference; lastKnownFileType = sourcecode.swift; path = OnBoardingViewController.swift; sourceTree = "<group>"; };
		832A692B2B98AE2E0071B6FD /* OnBoardingPresenter.swift */ = {isa = PBXFileReference; lastKnownFileType = sourcecode.swift; path = OnBoardingPresenter.swift; sourceTree = "<group>"; };
		832A692D2B98AE5D0071B6FD /* OnBoardingModel.swift */ = {isa = PBXFileReference; lastKnownFileType = sourcecode.swift; path = OnBoardingModel.swift; sourceTree = "<group>"; };
		832C86052B9E867C006F219F /* PurchaseRouter.swift */ = {isa = PBXFileReference; lastKnownFileType = sourcecode.swift; path = PurchaseRouter.swift; sourceTree = "<group>"; };
		833098D62BA713B2004E1F52 /* Marks */ = {isa = PBXFileReference; lastKnownFileType = text; path = Marks; sourceTree = "<group>"; };
		8341BCA62B992DED00349090 /* StartScreenViewController.swift */ = {isa = PBXFileReference; lastKnownFileType = sourcecode.swift; path = StartScreenViewController.swift; sourceTree = "<group>"; };
		8341BCA82B992E0000349090 /* StartScreenPresenter.swift */ = {isa = PBXFileReference; lastKnownFileType = sourcecode.swift; path = StartScreenPresenter.swift; sourceTree = "<group>"; };
		8341BCAA2B992E1000349090 /* StartScreenModel.swift */ = {isa = PBXFileReference; lastKnownFileType = sourcecode.swift; path = StartScreenModel.swift; sourceTree = "<group>"; };
		8341BCAC2B992FD800349090 /* StartScreenRouter.swift */ = {isa = PBXFileReference; lastKnownFileType = sourcecode.swift; path = StartScreenRouter.swift; sourceTree = "<group>"; };
		8341BCAE2B99F70D00349090 /* CustomUITextField.swift */ = {isa = PBXFileReference; lastKnownFileType = sourcecode.swift; path = CustomUITextField.swift; sourceTree = "<group>"; };
		834F6E712B877B4400EACF43 /* TabBarController.swift */ = {isa = PBXFileReference; lastKnownFileType = sourcecode.swift; path = TabBarController.swift; sourceTree = "<group>"; };
		834F6E732B877B5500EACF43 /* TabBarRouter.swift */ = {isa = PBXFileReference; lastKnownFileType = sourcecode.swift; path = TabBarRouter.swift; sourceTree = "<group>"; };
		834F6E772B8786A800EACF43 /* ProfileViewController.swift */ = {isa = PBXFileReference; lastKnownFileType = sourcecode.swift; path = ProfileViewController.swift; sourceTree = "<group>"; };
		834F6E792B87874F00EACF43 /* ProfilePresenter.swift */ = {isa = PBXFileReference; lastKnownFileType = sourcecode.swift; path = ProfilePresenter.swift; sourceTree = "<group>"; };
		834F6E7B2B8787AD00EACF43 /* ProfileModel.swift */ = {isa = PBXFileReference; lastKnownFileType = sourcecode.swift; path = ProfileModel.swift; sourceTree = "<group>"; };
		834F6E7D2B8792F600EACF43 /* ProfileRouter.swift */ = {isa = PBXFileReference; lastKnownFileType = sourcecode.swift; path = ProfileRouter.swift; sourceTree = "<group>"; };
		8358B0DE2B9C984E0085F1DE /* OrderTableViewCell.swift */ = {isa = PBXFileReference; lastKnownFileType = sourcecode.swift; path = OrderTableViewCell.swift; sourceTree = "<group>"; };
		836DF5052B8B7B0C0024A319 /* TableViewCell.swift */ = {isa = PBXFileReference; lastKnownFileType = sourcecode.swift; path = TableViewCell.swift; sourceTree = "<group>"; };
		839C4E712B9CBFF8001FA1F0 /* OnboardingRouter.swift */ = {isa = PBXFileReference; lastKnownFileType = sourcecode.swift; path = OnboardingRouter.swift; sourceTree = "<group>"; };
		839C4E732B9CC0AE001FA1F0 /* OnBoardingView.swift */ = {isa = PBXFileReference; lastKnownFileType = sourcecode.swift; path = OnBoardingView.swift; sourceTree = "<group>"; };
		839ECC832B9D8B0E00FA504C /* PurchaseViewController.swift */ = {isa = PBXFileReference; lastKnownFileType = sourcecode.swift; path = PurchaseViewController.swift; sourceTree = "<group>"; };
		839ECC852B9D8B1B00FA504C /* PurchasePresenter.swift */ = {isa = PBXFileReference; lastKnownFileType = sourcecode.swift; path = PurchasePresenter.swift; sourceTree = "<group>"; };
		839ECC872B9D8B2A00FA504C /* PurchaseModel.swift */ = {isa = PBXFileReference; lastKnownFileType = sourcecode.swift; path = PurchaseModel.swift; sourceTree = "<group>"; };
		839ECC8A2B9D8B8400FA504C /* ViewLogin.swift */ = {isa = PBXFileReference; lastKnownFileType = sourcecode.swift; path = ViewLogin.swift; sourceTree = "<group>"; };
		839ECC8C2B9D8D6D00FA504C /* viewReg.swift */ = {isa = PBXFileReference; lastKnownFileType = sourcecode.swift; path = viewReg.swift; sourceTree = "<group>"; };
		83AB95112B9C91FF00573A3E /* OrderViewController.swift */ = {isa = PBXFileReference; lastKnownFileType = sourcecode.swift; path = OrderViewController.swift; sourceTree = "<group>"; };
		83AB95132B9C920D00573A3E /* OrderPresenter.swift */ = {isa = PBXFileReference; lastKnownFileType = sourcecode.swift; path = OrderPresenter.swift; sourceTree = "<group>"; };
		83AB95152B9C921500573A3E /* OrderModel.swift */ = {isa = PBXFileReference; lastKnownFileType = sourcecode.swift; path = OrderModel.swift; sourceTree = "<group>"; };
		83AB95172B9C922100573A3E /* OrderRouter.swift */ = {isa = PBXFileReference; lastKnownFileType = sourcecode.swift; path = OrderRouter.swift; sourceTree = "<group>"; };
		83B607B52B6ED01E00BBDF35 /* FoodDetailViewController.swift */ = {isa = PBXFileReference; lastKnownFileType = sourcecode.swift; path = FoodDetailViewController.swift; sourceTree = "<group>"; };
		83C56E452B703C3600A3850C /* FoodDetailRouter.swift */ = {isa = PBXFileReference; lastKnownFileType = sourcecode.swift; path = FoodDetailRouter.swift; sourceTree = "<group>"; };
		83C56E472B703D4100A3850C /* FoodDetailPresenter.swift */ = {isa = PBXFileReference; lastKnownFileType = sourcecode.swift; path = FoodDetailPresenter.swift; sourceTree = "<group>"; };
		83D0C3F62B6778F9005D9DC9 /* RestFood.app */ = {isa = PBXFileReference; explicitFileType = wrapper.application; includeInIndex = 0; path = RestFood.app; sourceTree = BUILT_PRODUCTS_DIR; };
		83D0C3F92B6778F9005D9DC9 /* AppDelegate.swift */ = {isa = PBXFileReference; lastKnownFileType = sourcecode.swift; path = AppDelegate.swift; sourceTree = "<group>"; };
		83D0C3FB2B6778F9005D9DC9 /* SceneDelegate.swift */ = {isa = PBXFileReference; lastKnownFileType = sourcecode.swift; path = SceneDelegate.swift; sourceTree = "<group>"; };
		83D0C3FD2B6778F9005D9DC9 /* SignInUpViewController.swift */ = {isa = PBXFileReference; lastKnownFileType = sourcecode.swift; path = SignInUpViewController.swift; sourceTree = "<group>"; };
		83D0C4022B6778FA005D9DC9 /* Assets.xcassets */ = {isa = PBXFileReference; lastKnownFileType = folder.assetcatalog; path = Assets.xcassets; sourceTree = "<group>"; };
		83D0C4052B6778FA005D9DC9 /* Base */ = {isa = PBXFileReference; lastKnownFileType = file.storyboard; name = Base; path = Base.lproj/LaunchScreen.storyboard; sourceTree = "<group>"; };
		83D0C4072B6778FA005D9DC9 /* Info.plist */ = {isa = PBXFileReference; lastKnownFileType = text.plist.xml; path = Info.plist; sourceTree = "<group>"; };
		83EEA8B72B68E26100091203 /* SignInUpPresenter.swift */ = {isa = PBXFileReference; lastKnownFileType = sourcecode.swift; path = SignInUpPresenter.swift; sourceTree = "<group>"; };
		83EEA8B92B68E29C00091203 /* SignInUpModel.swift */ = {isa = PBXFileReference; lastKnownFileType = sourcecode.swift; path = SignInUpModel.swift; sourceTree = "<group>"; };
		83EEA8BD2B68E2E600091203 /* ModalTransition.swift */ = {isa = PBXFileReference; fileEncoding = 4; lastKnownFileType = sourcecode.swift; path = ModalTransition.swift; sourceTree = "<group>"; };
		83EEA8BE2B68E2E600091203 /* Transition.swift */ = {isa = PBXFileReference; fileEncoding = 4; lastKnownFileType = sourcecode.swift; path = Transition.swift; sourceTree = "<group>"; };
		83EEA8BF2B68E2E600091203 /* EmptyTransition.swift */ = {isa = PBXFileReference; fileEncoding = 4; lastKnownFileType = sourcecode.swift; path = EmptyTransition.swift; sourceTree = "<group>"; };
		83EEA8C02B68E2E600091203 /* PushTransition.swift */ = {isa = PBXFileReference; fileEncoding = 4; lastKnownFileType = sourcecode.swift; path = PushTransition.swift; sourceTree = "<group>"; };
		83EEA8C22B68E2E600091203 /* PicAnimatedTransition.swift */ = {isa = PBXFileReference; fileEncoding = 4; lastKnownFileType = sourcecode.swift; path = PicAnimatedTransition.swift; sourceTree = "<group>"; };
		83EEA8C32B68E2E600091203 /* FadeAnimatedTransitioning.swift */ = {isa = PBXFileReference; fileEncoding = 4; lastKnownFileType = sourcecode.swift; path = FadeAnimatedTransitioning.swift; sourceTree = "<group>"; };
		83EEA8C42B68E2E600091203 /* AnimatedTransition.swift */ = {isa = PBXFileReference; fileEncoding = 4; lastKnownFileType = sourcecode.swift; path = AnimatedTransition.swift; sourceTree = "<group>"; };
		83EEA8C52B68E2E600091203 /* NewAnimatedTransition.swift */ = {isa = PBXFileReference; fileEncoding = 4; lastKnownFileType = sourcecode.swift; path = NewAnimatedTransition.swift; sourceTree = "<group>"; };
		83EEA8C62B68E2E600091203 /* Router.swift */ = {isa = PBXFileReference; fileEncoding = 4; lastKnownFileType = sourcecode.swift; path = Router.swift; sourceTree = "<group>"; };
		83EEA8C72B68E2E600091203 /* DefaultRouter.swift */ = {isa = PBXFileReference; fileEncoding = 4; lastKnownFileType = sourcecode.swift; path = DefaultRouter.swift; sourceTree = "<group>"; };
		83EEA8D22B68E30000091203 /* LoginRouter.swift */ = {isa = PBXFileReference; fileEncoding = 4; lastKnownFileType = sourcecode.swift; path = LoginRouter.swift; sourceTree = "<group>"; };
		D75B7F023DA87304AA460F46 /* Pods-RestFood.debug.xcconfig */ = {isa = PBXFileReference; includeInIndex = 1; lastKnownFileType = text.xcconfig; name = "Pods-RestFood.debug.xcconfig"; path = "Target Support Files/Pods-RestFood/Pods-RestFood.debug.xcconfig"; sourceTree = "<group>"; };
/* End PBXFileReference section */

/* Begin PBXFrameworksBuildPhase section */
		83D0C3F32B6778F9005D9DC9 /* Frameworks */ = {
			isa = PBXFrameworksBuildPhase;
			buildActionMask = 2147483647;
			files = (
				9193F79421BCA0C9384763D6 /* Pods_RestFood.framework in Frameworks */,
			);
			runOnlyForDeploymentPostprocessing = 0;
		};
/* End PBXFrameworksBuildPhase section */

/* Begin PBXGroup section */
		5F64D1F97D4D4CCCEE804DBB /* Pods */ = {
			isa = PBXGroup;
			children = (
				D75B7F023DA87304AA460F46 /* Pods-RestFood.debug.xcconfig */,
				535F739F037DA879095B91F3 /* Pods-RestFood.release.xcconfig */,
			);
			path = Pods;
			sourceTree = "<group>";
		};
		8312E8562BA72CBB00F740CF /* TransactionStatus */ = {
			isa = PBXGroup;
			children = (
				8312E8572BA72F1400F740CF /* TransactionStatusViewController.swift */,
				8312E8592BA72F1F00F740CF /* TransactionStatusPresenter.swift */,
				8312E85B2BA72F2800F740CF /* TransactionStatusModel.swift */,
				8312E85D2BA72FC900F740CF /* TransactionStatusRouter.swift */,
			);
			name = TransactionStatus;
			sourceTree = "<group>";
		};
		831AA25B2BA466F000043A62 /* PaymentMethodCell */ = {
			isa = PBXGroup;
			children = (
				831AA25C2BA4674400043A62 /* PaymentMethodCell.swift */,
			);
			name = PaymentMethodCell;
			sourceTree = "<group>";
		};
		831AA25E2BA47C0F00043A62 /* Scanner */ = {
			isa = PBXGroup;
			children = (
				831AA25F2BA480CB00043A62 /* ScannerVIewController.swift */,
				831AA2612BA480E900043A62 /* ScannerPresenter.swift */,
				831AA2632BA4810400043A62 /* ScannerModel.swift */,
				831AA2652BA4811200043A62 /* ScannerRouter.swift */,
			);
			name = Scanner;
			sourceTree = "<group>";
		};
		831F063E2B6ACA470003D6A6 /* MainScreen */ = {
			isa = PBXGroup;
			children = (
				836DF5042B8B7AAF0024A319 /* TableViewCell */,
				831F06472B6AF8820003D6A6 /* CollectionViewCell */,
				831F06452B6AECA20003D6A6 /* MainRouter.swift */,
				831F063F2B6ACA770003D6A6 /* MainScreenViewController.swift */,
				831F06412B6ACAB20003D6A6 /* MainScreenPresenter.swift */,
				831F06432B6ACABF0003D6A6 /* MainScreenModel.swift */,
			);
			name = MainScreen;
			sourceTree = "<group>";
		};
		831F06472B6AF8820003D6A6 /* CollectionViewCell */ = {
			isa = PBXGroup;
			children = (
				831F06482B6AF89A0003D6A6 /* CollectionViewCell.swift */,
			);
			name = CollectionViewCell;
			sourceTree = "<group>";
		};
		8341BCB02B99F71300349090 /* CustomUIElements */ = {
			isa = PBXGroup;
			children = (
				8341BCAE2B99F70D00349090 /* CustomUITextField.swift */,
			);
			name = CustomUIElements;
			sourceTree = "<group>";
		};
		834F6E702B877B0B00EACF43 /* TabBar */ = {
			isa = PBXGroup;
			children = (
				834F6E712B877B4400EACF43 /* TabBarController.swift */,
				834F6E732B877B5500EACF43 /* TabBarRouter.swift */,
			);
			name = TabBar;
			sourceTree = "<group>";
		};
		834F6E762B87869500EACF43 /* Profile */ = {
			isa = PBXGroup;
			children = (
				834F6E7D2B8792F600EACF43 /* ProfileRouter.swift */,
				834F6E772B8786A800EACF43 /* ProfileViewController.swift */,
				834F6E792B87874F00EACF43 /* ProfilePresenter.swift */,
				834F6E7B2B8787AD00EACF43 /* ProfileModel.swift */,
			);
			name = Profile;
			sourceTree = "<group>";
		};
		83566D002BA32B320089E461 /* LocationManager */ = {
			isa = PBXGroup;
			children = (
			);
			name = LocationManager;
			sourceTree = "<group>";
		};
		83566D012BA32B410089E461 /* NetworkManager */ = {
			isa = PBXGroup;
			children = (
			);
			name = NetworkManager;
			sourceTree = "<group>";
		};
		8358B0DD2B9C982A0085F1DE /* OrderTableViewCell */ = {
			isa = PBXGroup;
			children = (
				8358B0DE2B9C984E0085F1DE /* OrderTableViewCell.swift */,
			);
			name = OrderTableViewCell;
			sourceTree = "<group>";
		};
		836DF5042B8B7AAF0024A319 /* TableViewCell */ = {
			isa = PBXGroup;
			children = (
				836DF5052B8B7B0C0024A319 /* TableViewCell.swift */,
			);
			name = TableViewCell;
			sourceTree = "<group>";
		};
		83853F3F2B9764E500E4E678 /* OnBoarding */ = {
			isa = PBXGroup;
			children = (
				839C4E752B9CC0B9001FA1F0 /* OnBoardingView */,
				832A692B2B98AE2E0071B6FD /* OnBoardingPresenter.swift */,
				832A692D2B98AE5D0071B6FD /* OnBoardingModel.swift */,
				839C4E712B9CBFF8001FA1F0 /* OnboardingRouter.swift */,
			);
			name = OnBoarding;
			sourceTree = "<group>";
		};
		83853F402B97663800E4E678 /* Order */ = {
			isa = PBXGroup;
			children = (
				8358B0DD2B9C982A0085F1DE /* OrderTableViewCell */,
				83AB95112B9C91FF00573A3E /* OrderViewController.swift */,
				83AB95132B9C920D00573A3E /* OrderPresenter.swift */,
				83AB95152B9C921500573A3E /* OrderModel.swift */,
				83AB95172B9C922100573A3E /* OrderRouter.swift */,
			);
			name = Order;
			sourceTree = "<group>";
		};
		83853F412B97664200E4E678 /* StartScreen */ = {
			isa = PBXGroup;
			children = (
				8341BCA62B992DED00349090 /* StartScreenViewController.swift */,
				8341BCA82B992E0000349090 /* StartScreenPresenter.swift */,
				8341BCAA2B992E1000349090 /* StartScreenModel.swift */,
				8341BCAC2B992FD800349090 /* StartScreenRouter.swift */,
			);
			name = StartScreen;
			sourceTree = "<group>";
		};
		839C4E6C2B9CBDA8001FA1F0 /* Purchase */ = {
			isa = PBXGroup;
			children = (
				831AA25B2BA466F000043A62 /* PaymentMethodCell */,
				839ECC832B9D8B0E00FA504C /* PurchaseViewController.swift */,
				839ECC852B9D8B1B00FA504C /* PurchasePresenter.swift */,
				839ECC872B9D8B2A00FA504C /* PurchaseModel.swift */,
				832C86052B9E867C006F219F /* PurchaseRouter.swift */,
			);
			name = Purchase;
			sourceTree = "<group>";
		};
		839C4E6D2B9CBDC2001FA1F0 /* Enums */ = {
			isa = PBXGroup;
			children = (
			);
			name = Enums;
			sourceTree = "<group>";
		};
		839C4E702B9CBDE0001FA1F0 /* Extensions */ = {
			isa = PBXGroup;
			children = (
			);
			name = Extensions;
			sourceTree = "<group>";
		};
		839C4E752B9CC0B9001FA1F0 /* OnBoardingView */ = {
			isa = PBXGroup;
			children = (
				832A69292B98AD800071B6FD /* OnBoardingViewController.swift */,
				839C4E732B9CC0AE001FA1F0 /* OnBoardingView.swift */,
			);
			name = OnBoardingView;
			sourceTree = "<group>";
		};
		839C4E762B9CCAAB001FA1F0 /* CacheManager */ = {
			isa = PBXGroup;
			children = (
			);
			name = CacheManager;
			sourceTree = "<group>";
		};
		839ECC892B9D8B6500FA504C /* LoginView */ = {
			isa = PBXGroup;
			children = (
				839ECC8A2B9D8B8400FA504C /* ViewLogin.swift */,
				839ECC8C2B9D8D6D00FA504C /* viewReg.swift */,
			);
			name = LoginView;
			sourceTree = "<group>";
		};
		83B607B42B6ECF9700BBDF35 /* FoodDetail */ = {
			isa = PBXGroup;
			children = (
				83C56E452B703C3600A3850C /* FoodDetailRouter.swift */,
				83B607B52B6ED01E00BBDF35 /* FoodDetailViewController.swift */,
				83C56E472B703D4100A3850C /* FoodDetailPresenter.swift */,
				8325049C2B72FB1000DEEDC1 /* FoodDetailModel.swift */,
			);
			name = FoodDetail;
			sourceTree = "<group>";
		};
		83BF4FC92B67C08B00546F04 /* Sign-in-up */ = {
			isa = PBXGroup;
			children = (
				839ECC892B9D8B6500FA504C /* LoginView */,
				83D0C3FD2B6778F9005D9DC9 /* SignInUpViewController.swift */,
				83EEA8B72B68E26100091203 /* SignInUpPresenter.swift */,
				83EEA8B92B68E29C00091203 /* SignInUpModel.swift */,
				83EEA8D22B68E30000091203 /* LoginRouter.swift */,
			);
			name = "Sign-in-up";
			sourceTree = "<group>";
		};
		83D0C3ED2B6778F9005D9DC9 = {
			isa = PBXGroup;
			children = (
				83D0C3F82B6778F9005D9DC9 /* RestFood */,
				83D0C3F72B6778F9005D9DC9 /* Products */,
				5F64D1F97D4D4CCCEE804DBB /* Pods */,
				BD78F4A789C41B6A6AAA5833 /* Frameworks */,
			);
			sourceTree = "<group>";
		};
		83D0C3F72B6778F9005D9DC9 /* Products */ = {
			isa = PBXGroup;
			children = (
				83D0C3F62B6778F9005D9DC9 /* RestFood.app */,
			);
			name = Products;
			sourceTree = "<group>";
		};
		83D0C3F82B6778F9005D9DC9 /* RestFood */ = {
			isa = PBXGroup;
			children = (
				833098D62BA713B2004E1F52 /* Marks */,
				83853F412B97664200E4E678 /* StartScreen */,
				831F063E2B6ACA470003D6A6 /* MainScreen */,
				834F6E702B877B0B00EACF43 /* TabBar */,
				83566D002BA32B320089E461 /* LocationManager */,
				839C4E762B9CCAAB001FA1F0 /* CacheManager */,
				83566D012BA32B410089E461 /* NetworkManager */,
				839C4E6D2B9CBDC2001FA1F0 /* Enums */,
				839C4E702B9CBDE0001FA1F0 /* Extensions */,
				831AA25E2BA47C0F00043A62 /* Scanner */,
				8312E8562BA72CBB00F740CF /* TransactionStatus */,
				839C4E6C2B9CBDA8001FA1F0 /* Purchase */,
				8341BCB02B99F71300349090 /* CustomUIElements */,
				83853F3F2B9764E500E4E678 /* OnBoarding */,
				83853F402B97663800E4E678 /* Order */,
				834F6E762B87869500EACF43 /* Profile */,
				83B607B42B6ECF9700BBDF35 /* FoodDetail */,
				83EEA8BB2B68E2E600091203 /* Routes */,
				83BF4FC92B67C08B00546F04 /* Sign-in-up */,
				83D0C3F92B6778F9005D9DC9 /* AppDelegate.swift */,
				83D0C3FB2B6778F9005D9DC9 /* SceneDelegate.swift */,
				83D0C4022B6778FA005D9DC9 /* Assets.xcassets */,
				83D0C4042B6778FA005D9DC9 /* LaunchScreen.storyboard */,
				83D0C4072B6778FA005D9DC9 /* Info.plist */,
			);
			path = RestFood;
			sourceTree = "<group>";
		};
		83EEA8BB2B68E2E600091203 /* Routes */ = {
			isa = PBXGroup;
			children = (
				83EEA8BC2B68E2E600091203 /* Transition */,
				83EEA8C62B68E2E600091203 /* Router.swift */,
				83EEA8C72B68E2E600091203 /* DefaultRouter.swift */,
			);
			path = Routes;
			sourceTree = "<group>";
		};
		83EEA8BC2B68E2E600091203 /* Transition */ = {
			isa = PBXGroup;
			children = (
				83EEA8BD2B68E2E600091203 /* ModalTransition.swift */,
				83EEA8BE2B68E2E600091203 /* Transition.swift */,
				83EEA8BF2B68E2E600091203 /* EmptyTransition.swift */,
				83EEA8C02B68E2E600091203 /* PushTransition.swift */,
				83EEA8C12B68E2E600091203 /* Animated */,
			);
			path = Transition;
			sourceTree = "<group>";
		};
		83EEA8C12B68E2E600091203 /* Animated */ = {
			isa = PBXGroup;
			children = (
				83EEA8C22B68E2E600091203 /* PicAnimatedTransition.swift */,
				83EEA8C32B68E2E600091203 /* FadeAnimatedTransitioning.swift */,
				83EEA8C42B68E2E600091203 /* AnimatedTransition.swift */,
				83EEA8C52B68E2E600091203 /* NewAnimatedTransition.swift */,
			);
			path = Animated;
			sourceTree = "<group>";
		};
		BD78F4A789C41B6A6AAA5833 /* Frameworks */ = {
			isa = PBXGroup;
			children = (
				3410826907CAC30FC6503D89 /* Pods_RestFood.framework */,
			);
			name = Frameworks;
			sourceTree = "<group>";
		};
/* End PBXGroup section */

/* Begin PBXNativeTarget section */
		83D0C3F52B6778F9005D9DC9 /* RestFood */ = {
			isa = PBXNativeTarget;
			buildConfigurationList = 83D0C40A2B6778FA005D9DC9 /* Build configuration list for PBXNativeTarget "RestFood" */;
			buildPhases = (
				36BA8E0F12E128BDEF83E563 /* [CP] Check Pods Manifest.lock */,
				83D0C3F22B6778F9005D9DC9 /* Sources */,
				83D0C3F32B6778F9005D9DC9 /* Frameworks */,
				83D0C3F42B6778F9005D9DC9 /* Resources */,
				1DF05C6B85A92287DF84F84C /* [CP] Embed Pods Frameworks */,
			);
			buildRules = (
			);
			dependencies = (
			);
			name = RestFood;
			productName = RestFood;
			productReference = 83D0C3F62B6778F9005D9DC9 /* RestFood.app */;
			productType = "com.apple.product-type.application";
		};
/* End PBXNativeTarget section */

/* Begin PBXProject section */
		83D0C3EE2B6778F9005D9DC9 /* Project object */ = {
			isa = PBXProject;
			attributes = {
				BuildIndependentTargetsInParallel = 1;
				LastSwiftUpdateCheck = 1500;
				LastUpgradeCheck = 1500;
				TargetAttributes = {
					83D0C3F52B6778F9005D9DC9 = {
						CreatedOnToolsVersion = 15.0;
					};
				};
			};
			buildConfigurationList = 83D0C3F12B6778F9005D9DC9 /* Build configuration list for PBXProject "RestFood" */;
			compatibilityVersion = "Xcode 14.0";
			developmentRegion = en;
			hasScannedForEncodings = 0;
			knownRegions = (
				en,
				Base,
			);
			mainGroup = 83D0C3ED2B6778F9005D9DC9;
			productRefGroup = 83D0C3F72B6778F9005D9DC9 /* Products */;
			projectDirPath = "";
			projectRoot = "";
			targets = (
				83D0C3F52B6778F9005D9DC9 /* RestFood */,
			);
		};
/* End PBXProject section */

/* Begin PBXResourcesBuildPhase section */
		83D0C3F42B6778F9005D9DC9 /* Resources */ = {
			isa = PBXResourcesBuildPhase;
			buildActionMask = 2147483647;
			files = (
				833098D72BA713B2004E1F52 /* Marks in Resources */,
				83D0C4062B6778FA005D9DC9 /* LaunchScreen.storyboard in Resources */,
				83D0C4032B6778FA005D9DC9 /* Assets.xcassets in Resources */,
			);
			runOnlyForDeploymentPostprocessing = 0;
		};
/* End PBXResourcesBuildPhase section */

/* Begin PBXShellScriptBuildPhase section */
		1DF05C6B85A92287DF84F84C /* [CP] Embed Pods Frameworks */ = {
			isa = PBXShellScriptBuildPhase;
			buildActionMask = 2147483647;
			files = (
			);
			inputFileListPaths = (
				"${PODS_ROOT}/Target Support Files/Pods-RestFood/Pods-RestFood-frameworks-${CONFIGURATION}-input-files.xcfilelist",
			);
			name = "[CP] Embed Pods Frameworks";
			outputFileListPaths = (
				"${PODS_ROOT}/Target Support Files/Pods-RestFood/Pods-RestFood-frameworks-${CONFIGURATION}-output-files.xcfilelist",
			);
			runOnlyForDeploymentPostprocessing = 0;
			shellPath = /bin/sh;
			shellScript = "\"${PODS_ROOT}/Target Support Files/Pods-RestFood/Pods-RestFood-frameworks.sh\"\n";
			showEnvVarsInLog = 0;
		};
		36BA8E0F12E128BDEF83E563 /* [CP] Check Pods Manifest.lock */ = {
			isa = PBXShellScriptBuildPhase;
			buildActionMask = 2147483647;
			files = (
			);
			inputFileListPaths = (
			);
			inputPaths = (
				"${PODS_PODFILE_DIR_PATH}/Podfile.lock",
				"${PODS_ROOT}/Manifest.lock",
			);
			name = "[CP] Check Pods Manifest.lock";
			outputFileListPaths = (
			);
			outputPaths = (
				"$(DERIVED_FILE_DIR)/Pods-RestFood-checkManifestLockResult.txt",
			);
			runOnlyForDeploymentPostprocessing = 0;
			shellPath = /bin/sh;
			shellScript = "diff \"${PODS_PODFILE_DIR_PATH}/Podfile.lock\" \"${PODS_ROOT}/Manifest.lock\" > /dev/null\nif [ $? != 0 ] ; then\n    # print error to STDERR\n    echo \"error: The sandbox is not in sync with the Podfile.lock. Run 'pod install' or update your CocoaPods installation.\" >&2\n    exit 1\nfi\n# This output is used by Xcode 'outputs' to avoid re-running this script phase.\necho \"SUCCESS\" > \"${SCRIPT_OUTPUT_FILE_0}\"\n";
			showEnvVarsInLog = 0;
		};
/* End PBXShellScriptBuildPhase section */

/* Begin PBXSourcesBuildPhase section */
		83D0C3F22B6778F9005D9DC9 /* Sources */ = {
			isa = PBXSourcesBuildPhase;
			buildActionMask = 2147483647;
			files = (
				834F6E742B877B5500EACF43 /* TabBarRouter.swift in Sources */,
				839ECC862B9D8B1B00FA504C /* PurchasePresenter.swift in Sources */,
				83C56E462B703C3600A3850C /* FoodDetailRouter.swift in Sources */,
				834F6E722B877B4400EACF43 /* TabBarController.swift in Sources */,
				8341BCA72B992DED00349090 /* StartScreenViewController.swift in Sources */,
				83AB95122B9C91FF00573A3E /* OrderViewController.swift in Sources */,
				834F6E7E2B8792F600EACF43 /* ProfileRouter.swift in Sources */,
				8358B0DF2B9C984E0085F1DE /* OrderTableViewCell.swift in Sources */,
				831AA2642BA4810400043A62 /* ScannerModel.swift in Sources */,
				8325049D2B72FB1000DEEDC1 /* FoodDetailModel.swift in Sources */,
				831AA25D2BA4674400043A62 /* PaymentMethodCell.swift in Sources */,
				83EEA8C92B68E2E600091203 /* Transition.swift in Sources */,
				831F06402B6ACA770003D6A6 /* MainScreenViewController.swift in Sources */,
				8341BCAB2B992E1000349090 /* StartScreenModel.swift in Sources */,
				8341BCAD2B992FD800349090 /* StartScreenRouter.swift in Sources */,
				839C4E742B9CC0AE001FA1F0 /* OnBoardingView.swift in Sources */,
				83B607B62B6ED01E00BBDF35 /* FoodDetailViewController.swift in Sources */,
				83EEA8C82B68E2E600091203 /* ModalTransition.swift in Sources */,
				831F06442B6ACABF0003D6A6 /* MainScreenModel.swift in Sources */,
				832C86062B9E867C006F219F /* PurchaseRouter.swift in Sources */,
				83EEA8CF2B68E2E600091203 /* NewAnimatedTransition.swift in Sources */,
				8312E8582BA72F1400F740CF /* TransactionStatusViewController.swift in Sources */,
				839ECC842B9D8B0E00FA504C /* PurchaseViewController.swift in Sources */,
				831F06462B6AECA20003D6A6 /* MainRouter.swift in Sources */,
				83EEA8D32B68E30000091203 /* LoginRouter.swift in Sources */,
				83AB95142B9C920D00573A3E /* OrderPresenter.swift in Sources */,
				83EEA8CC2B68E2E600091203 /* PicAnimatedTransition.swift in Sources */,
				83EEA8CA2B68E2E600091203 /* EmptyTransition.swift in Sources */,
				83EEA8CD2B68E2E600091203 /* FadeAnimatedTransitioning.swift in Sources */,
				831AA2622BA480E900043A62 /* ScannerPresenter.swift in Sources */,
				834F6E7C2B8787AD00EACF43 /* ProfileModel.swift in Sources */,
				8312E85C2BA72F2800F740CF /* TransactionStatusModel.swift in Sources */,
				839C4E722B9CBFF9001FA1F0 /* OnboardingRouter.swift in Sources */,
				8312E85E2BA72FC900F740CF /* TransactionStatusRouter.swift in Sources */,
				839ECC8B2B9D8B8400FA504C /* ViewLogin.swift in Sources */,
				832A692C2B98AE2E0071B6FD /* OnBoardingPresenter.swift in Sources */,
				836DF5062B8B7B0C0024A319 /* TableViewCell.swift in Sources */,
				83AB95162B9C921500573A3E /* OrderModel.swift in Sources */,
				8341BCA92B992E0000349090 /* StartScreenPresenter.swift in Sources */,
				83EEA8BA2B68E29C00091203 /* SignInUpModel.swift in Sources */,
				83EEA8D12B68E2E600091203 /* DefaultRouter.swift in Sources */,
				83EEA8B82B68E26100091203 /* SignInUpPresenter.swift in Sources */,
				839ECC882B9D8B2A00FA504C /* PurchaseModel.swift in Sources */,
				834F6E782B8786A800EACF43 /* ProfileViewController.swift in Sources */,
				831F06422B6ACAB20003D6A6 /* MainScreenPresenter.swift in Sources */,
				8341BCAF2B99F70D00349090 /* CustomUITextField.swift in Sources */,
				83D0C3FE2B6778F9005D9DC9 /* SignInUpViewController.swift in Sources */,
				83AB95182B9C922100573A3E /* OrderRouter.swift in Sources */,
				831AA2662BA4811200043A62 /* ScannerRouter.swift in Sources */,
				834F6E7A2B87874F00EACF43 /* ProfilePresenter.swift in Sources */,
				832A692E2B98AE5D0071B6FD /* OnBoardingModel.swift in Sources */,
				83D0C3FA2B6778F9005D9DC9 /* AppDelegate.swift in Sources */,
				83EEA8D02B68E2E600091203 /* Router.swift in Sources */,
				831F06492B6AF89A0003D6A6 /* CollectionViewCell.swift in Sources */,
				831AA2602BA480CB00043A62 /* ScannerVIewController.swift in Sources */,
				83EEA8CE2B68E2E600091203 /* AnimatedTransition.swift in Sources */,
				83C56E482B703D4100A3850C /* FoodDetailPresenter.swift in Sources */,
				83EEA8CB2B68E2E600091203 /* PushTransition.swift in Sources */,
				839ECC8D2B9D8D6D00FA504C /* viewReg.swift in Sources */,
				832A692A2B98AD800071B6FD /* OnBoardingViewController.swift in Sources */,
				8312E85A2BA72F1F00F740CF /* TransactionStatusPresenter.swift in Sources */,
				83D0C3FC2B6778F9005D9DC9 /* SceneDelegate.swift in Sources */,
			);
			runOnlyForDeploymentPostprocessing = 0;
		};
/* End PBXSourcesBuildPhase section */

/* Begin PBXVariantGroup section */
		83D0C4042B6778FA005D9DC9 /* LaunchScreen.storyboard */ = {
			isa = PBXVariantGroup;
			children = (
				83D0C4052B6778FA005D9DC9 /* Base */,
			);
			name = LaunchScreen.storyboard;
			sourceTree = "<group>";
		};
/* End PBXVariantGroup section */

/* Begin XCBuildConfiguration section */
		83D0C4082B6778FA005D9DC9 /* Debug */ = {
			isa = XCBuildConfiguration;
			buildSettings = {
				ALWAYS_SEARCH_USER_PATHS = NO;
				ASSETCATALOG_COMPILER_GENERATE_SWIFT_ASSET_SYMBOL_EXTENSIONS = YES;
				CLANG_ANALYZER_NONNULL = YES;
				CLANG_ANALYZER_NUMBER_OBJECT_CONVERSION = YES_AGGRESSIVE;
				CLANG_CXX_LANGUAGE_STANDARD = "gnu++20";
				CLANG_ENABLE_MODULES = YES;
				CLANG_ENABLE_OBJC_ARC = YES;
				CLANG_ENABLE_OBJC_WEAK = YES;
				CLANG_WARN_BLOCK_CAPTURE_AUTORELEASING = YES;
				CLANG_WARN_BOOL_CONVERSION = YES;
				CLANG_WARN_COMMA = YES;
				CLANG_WARN_CONSTANT_CONVERSION = YES;
				CLANG_WARN_DEPRECATED_OBJC_IMPLEMENTATIONS = YES;
				CLANG_WARN_DIRECT_OBJC_ISA_USAGE = YES_ERROR;
				CLANG_WARN_DOCUMENTATION_COMMENTS = YES;
				CLANG_WARN_EMPTY_BODY = YES;
				CLANG_WARN_ENUM_CONVERSION = YES;
				CLANG_WARN_INFINITE_RECURSION = YES;
				CLANG_WARN_INT_CONVERSION = YES;
				CLANG_WARN_NON_LITERAL_NULL_CONVERSION = YES;
				CLANG_WARN_OBJC_IMPLICIT_RETAIN_SELF = YES;
				CLANG_WARN_OBJC_LITERAL_CONVERSION = YES;
				CLANG_WARN_OBJC_ROOT_CLASS = YES_ERROR;
				CLANG_WARN_QUOTED_INCLUDE_IN_FRAMEWORK_HEADER = YES;
				CLANG_WARN_RANGE_LOOP_ANALYSIS = YES;
				CLANG_WARN_STRICT_PROTOTYPES = YES;
				CLANG_WARN_SUSPICIOUS_MOVE = YES;
				CLANG_WARN_UNGUARDED_AVAILABILITY = YES_AGGRESSIVE;
				CLANG_WARN_UNREACHABLE_CODE = YES;
				CLANG_WARN__DUPLICATE_METHOD_MATCH = YES;
				COPY_PHASE_STRIP = NO;
				DEBUG_INFORMATION_FORMAT = dwarf;
				ENABLE_STRICT_OBJC_MSGSEND = YES;
				ENABLE_TESTABILITY = YES;
				ENABLE_USER_SCRIPT_SANDBOXING = NO;
				GCC_C_LANGUAGE_STANDARD = gnu17;
				GCC_DYNAMIC_NO_PIC = NO;
				GCC_NO_COMMON_BLOCKS = YES;
				GCC_OPTIMIZATION_LEVEL = 0;
				GCC_PREPROCESSOR_DEFINITIONS = (
					"DEBUG=1",
					"$(inherited)",
				);
				GCC_WARN_64_TO_32_BIT_CONVERSION = YES;
				GCC_WARN_ABOUT_RETURN_TYPE = YES_ERROR;
				GCC_WARN_UNDECLARED_SELECTOR = YES;
				GCC_WARN_UNINITIALIZED_AUTOS = YES_AGGRESSIVE;
				GCC_WARN_UNUSED_FUNCTION = YES;
				GCC_WARN_UNUSED_VARIABLE = YES;
				IPHONEOS_DEPLOYMENT_TARGET = 17.0;
				LOCALIZATION_PREFERS_STRING_CATALOGS = YES;
				MTL_ENABLE_DEBUG_INFO = INCLUDE_SOURCE;
				MTL_FAST_MATH = YES;
				ONLY_ACTIVE_ARCH = YES;
				SDKROOT = iphoneos;
				SWIFT_ACTIVE_COMPILATION_CONDITIONS = "DEBUG $(inherited)";
				SWIFT_OPTIMIZATION_LEVEL = "-Onone";
			};
			name = Debug;
		};
		83D0C4092B6778FA005D9DC9 /* Release */ = {
			isa = XCBuildConfiguration;
			buildSettings = {
				ALWAYS_SEARCH_USER_PATHS = NO;
				ASSETCATALOG_COMPILER_GENERATE_SWIFT_ASSET_SYMBOL_EXTENSIONS = YES;
				CLANG_ANALYZER_NONNULL = YES;
				CLANG_ANALYZER_NUMBER_OBJECT_CONVERSION = YES_AGGRESSIVE;
				CLANG_CXX_LANGUAGE_STANDARD = "gnu++20";
				CLANG_ENABLE_MODULES = YES;
				CLANG_ENABLE_OBJC_ARC = YES;
				CLANG_ENABLE_OBJC_WEAK = YES;
				CLANG_WARN_BLOCK_CAPTURE_AUTORELEASING = YES;
				CLANG_WARN_BOOL_CONVERSION = YES;
				CLANG_WARN_COMMA = YES;
				CLANG_WARN_CONSTANT_CONVERSION = YES;
				CLANG_WARN_DEPRECATED_OBJC_IMPLEMENTATIONS = YES;
				CLANG_WARN_DIRECT_OBJC_ISA_USAGE = YES_ERROR;
				CLANG_WARN_DOCUMENTATION_COMMENTS = YES;
				CLANG_WARN_EMPTY_BODY = YES;
				CLANG_WARN_ENUM_CONVERSION = YES;
				CLANG_WARN_INFINITE_RECURSION = YES;
				CLANG_WARN_INT_CONVERSION = YES;
				CLANG_WARN_NON_LITERAL_NULL_CONVERSION = YES;
				CLANG_WARN_OBJC_IMPLICIT_RETAIN_SELF = YES;
				CLANG_WARN_OBJC_LITERAL_CONVERSION = YES;
				CLANG_WARN_OBJC_ROOT_CLASS = YES_ERROR;
				CLANG_WARN_QUOTED_INCLUDE_IN_FRAMEWORK_HEADER = YES;
				CLANG_WARN_RANGE_LOOP_ANALYSIS = YES;
				CLANG_WARN_STRICT_PROTOTYPES = YES;
				CLANG_WARN_SUSPICIOUS_MOVE = YES;
				CLANG_WARN_UNGUARDED_AVAILABILITY = YES_AGGRESSIVE;
				CLANG_WARN_UNREACHABLE_CODE = YES;
				CLANG_WARN__DUPLICATE_METHOD_MATCH = YES;
				COPY_PHASE_STRIP = NO;
				DEBUG_INFORMATION_FORMAT = "dwarf-with-dsym";
				ENABLE_NS_ASSERTIONS = NO;
				ENABLE_STRICT_OBJC_MSGSEND = YES;
				ENABLE_USER_SCRIPT_SANDBOXING = NO;
				GCC_C_LANGUAGE_STANDARD = gnu17;
				GCC_NO_COMMON_BLOCKS = YES;
				GCC_WARN_64_TO_32_BIT_CONVERSION = YES;
				GCC_WARN_ABOUT_RETURN_TYPE = YES_ERROR;
				GCC_WARN_UNDECLARED_SELECTOR = YES;
				GCC_WARN_UNINITIALIZED_AUTOS = YES_AGGRESSIVE;
				GCC_WARN_UNUSED_FUNCTION = YES;
				GCC_WARN_UNUSED_VARIABLE = YES;
				IPHONEOS_DEPLOYMENT_TARGET = 17.0;
				LOCALIZATION_PREFERS_STRING_CATALOGS = YES;
				MTL_ENABLE_DEBUG_INFO = NO;
				MTL_FAST_MATH = YES;
				SDKROOT = iphoneos;
				SWIFT_COMPILATION_MODE = wholemodule;
				VALIDATE_PRODUCT = YES;
			};
			name = Release;
		};
		83D0C40B2B6778FA005D9DC9 /* Debug */ = {
			isa = XCBuildConfiguration;
			baseConfigurationReference = D75B7F023DA87304AA460F46 /* Pods-RestFood.debug.xcconfig */;
			buildSettings = {
				ASSETCATALOG_COMPILER_APPICON_NAME = AppIcon;
				ASSETCATALOG_COMPILER_GLOBAL_ACCENT_COLOR_NAME = AccentColor;
				CODE_SIGN_STYLE = Automatic;
				CURRENT_PROJECT_VERSION = 1;
				DEVELOPMENT_TEAM = 56NB3JKLU5;
				GENERATE_INFOPLIST_FILE = YES;
				INFOPLIST_FILE = RestFood/Info.plist;
				INFOPLIST_KEY_NSCameraUsageDescription = "Allow using cam for scan qr";
				INFOPLIST_KEY_UIApplicationSupportsIndirectInputEvents = YES;
				INFOPLIST_KEY_UILaunchStoryboardName = LaunchScreen;
				INFOPLIST_KEY_UIStatusBarStyle = "";
				INFOPLIST_KEY_UISupportedInterfaceOrientations = UIInterfaceOrientationPortrait;
				INFOPLIST_KEY_UISupportedInterfaceOrientations_iPad = "UIInterfaceOrientationLandscapeLeft UIInterfaceOrientationLandscapeRight UIInterfaceOrientationPortrait UIInterfaceOrientationPortraitUpsideDown";
				IPHONEOS_DEPLOYMENT_TARGET = 13.0;
				LD_RUNPATH_SEARCH_PATHS = (
					"$(inherited)",
					"@executable_path/Frameworks",
				);
				MARKETING_VERSION = 1.0;
				PRODUCT_BUNDLE_IDENTIFIER = danil.RestFood;
				PRODUCT_NAME = "$(TARGET_NAME)";
				SUPPORTED_PLATFORMS = "iphoneos iphonesimulator";
				SUPPORTS_MACCATALYST = NO;
				SWIFT_EMIT_LOC_STRINGS = YES;
				SWIFT_VERSION = 5.0;
				TARGETED_DEVICE_FAMILY = 1;
			};
			name = Debug;
		};
		83D0C40C2B6778FA005D9DC9 /* Release */ = {
			isa = XCBuildConfiguration;
			baseConfigurationReference = 535F739F037DA879095B91F3 /* Pods-RestFood.release.xcconfig */;
			buildSettings = {
				ASSETCATALOG_COMPILER_APPICON_NAME = AppIcon;
				ASSETCATALOG_COMPILER_GLOBAL_ACCENT_COLOR_NAME = AccentColor;
				CODE_SIGN_STYLE = Automatic;
				CURRENT_PROJECT_VERSION = 1;
				DEVELOPMENT_TEAM = 56NB3JKLU5;
				GENERATE_INFOPLIST_FILE = YES;
				INFOPLIST_FILE = RestFood/Info.plist;
				INFOPLIST_KEY_NSCameraUsageDescription = "Allow using cam for scan qr";
				INFOPLIST_KEY_UIApplicationSupportsIndirectInputEvents = YES;
				INFOPLIST_KEY_UILaunchStoryboardName = LaunchScreen;
				INFOPLIST_KEY_UIStatusBarStyle = "";
				INFOPLIST_KEY_UISupportedInterfaceOrientations = UIInterfaceOrientationPortrait;
				INFOPLIST_KEY_UISupportedInterfaceOrientations_iPad = "UIInterfaceOrientationLandscapeLeft UIInterfaceOrientationLandscapeRight UIInterfaceOrientationPortrait UIInterfaceOrientationPortraitUpsideDown";
				IPHONEOS_DEPLOYMENT_TARGET = 13.0;
				LD_RUNPATH_SEARCH_PATHS = (
					"$(inherited)",
					"@executable_path/Frameworks",
				);
				MARKETING_VERSION = 1.0;
				PRODUCT_BUNDLE_IDENTIFIER = danil.RestFood;
				PRODUCT_NAME = "$(TARGET_NAME)";
				SUPPORTED_PLATFORMS = "iphoneos iphonesimulator";
				SUPPORTS_MACCATALYST = NO;
				SWIFT_EMIT_LOC_STRINGS = YES;
				SWIFT_VERSION = 5.0;
				TARGETED_DEVICE_FAMILY = 1;
			};
			name = Release;
		};
/* End XCBuildConfiguration section */

/* Begin XCConfigurationList section */
		83D0C3F12B6778F9005D9DC9 /* Build configuration list for PBXProject "RestFood" */ = {
			isa = XCConfigurationList;
			buildConfigurations = (
				83D0C4082B6778FA005D9DC9 /* Debug */,
				83D0C4092B6778FA005D9DC9 /* Release */,
			);
			defaultConfigurationIsVisible = 0;
			defaultConfigurationName = Release;
		};
		83D0C40A2B6778FA005D9DC9 /* Build configuration list for PBXNativeTarget "RestFood" */ = {
			isa = XCConfigurationList;
			buildConfigurations = (
				83D0C40B2B6778FA005D9DC9 /* Debug */,
				83D0C40C2B6778FA005D9DC9 /* Release */,
			);
			defaultConfigurationIsVisible = 0;
			defaultConfigurationName = Release;
		};
/* End XCConfigurationList section */
	};
	rootObject = 83D0C3EE2B6778F9005D9DC9 /* Project object */;
}
